
Microsoft Visual Studio Solution File, Format Version 12.00
# Visual Studio Version 16
VisualStudioVersion = 16.0.29324.140
MinimumVisualStudioVersion = 10.0.40219.1
Project("{FAE04EC0-301F-11D3-BF4B-00C04F79EFBC}") = "AppLecturas.UWP", "AppLecturas\AppLecturas.UWP\AppLecturas.UWP.csproj", "{28C98C99-FAF7-4D0B-9B63-029817D7BD83}"
EndProject
Project("{FAE04EC0-301F-11D3-BF4B-00C04F79EFBC}") = "AppLecturas.Android", "AppLecturas\AppLecturas.Android\AppLecturas.Android.csproj", "{540654F9-EC3B-4364-8E96-19A0ED7AD682}"
EndProject
Project("{FAE04EC0-301F-11D3-BF4B-00C04F79EFBC}") = "AppLecturas.iOS", "AppLecturas\AppLecturas.iOS\AppLecturas.iOS.csproj", "{E1288B46-F3F0-40AD-94B8-B3EAF434D2B5}"
EndProject
Project("{FAE04EC0-301F-11D3-BF4B-00C04F79EFBC}") = "AppLecturas", "AppLecturas\AppLecturas\AppLecturas.csproj", "{B3CBCC04-2F51-4744-BFA3-80F1E613AE62}"
EndProject
Global
	GlobalSection(SolutionConfigurationPlatforms) = preSolution
		Debug|Any CPU = Debug|Any CPU
		Debug|ARM = Debug|ARM
		Debug|iPhone = Debug|iPhone
		Debug|iPhoneSimulator = Debug|iPhoneSimulator
		Debug|x64 = Debug|x64
		Debug|x86 = Debug|x86
		Release|Any CPU = Release|Any CPU
		Release|ARM = Release|ARM
		Release|iPhone = Release|iPhone
		Release|iPhoneSimulator = Release|iPhoneSimulator
		Release|x64 = Release|x64
		Release|x86 = Release|x86
	EndGlobalSection
	GlobalSection(ProjectConfigurationPlatforms) = postSolution
		{28C98C99-FAF7-4D0B-9B63-029817D7BD83}.Debug|Any CPU.ActiveCfg = Debug|x86
		{28C98C99-FAF7-4D0B-9B63-029817D7BD83}.Debug|Any CPU.Build.0 = Debug|x86
		{28C98C99-FAF7-4D0B-9B63-029817D7BD83}.Debug|Any CPU.Deploy.0 = Debug|x86
		{28C98C99-FAF7-4D0B-9B63-029817D7BD83}.Debug|ARM.ActiveCfg = Debug|ARM
		{28C98C99-FAF7-4D0B-9B63-029817D7BD83}.Debug|ARM.Build.0 = Debug|ARM
		{28C98C99-FAF7-4D0B-9B63-029817D7BD83}.Debug|ARM.Deploy.0 = Debug|ARM
		{28C98C99-FAF7-4D0B-9B63-029817D7BD83}.Debug|iPhone.ActiveCfg = Debug|x86
		{28C98C99-FAF7-4D0B-9B63-029817D7BD83}.Debug|iPhone.Build.0 = Debug|x86
		{28C98C99-FAF7-4D0B-9B63-029817D7BD83}.Debug|iPhone.Deploy.0 = Debug|x86
		{28C98C99-FAF7-4D0B-9B63-029817D7BD83}.Debug|iPhoneSimulator.ActiveCfg = Debug|x86
		{28C98C99-FAF7-4D0B-9B63-029817D7BD83}.Debug|iPhoneSimulator.Build.0 = Debug|x86
		{28C98C99-FAF7-4D0B-9B63-029817D7BD83}.Debug|iPhoneSimulator.Deploy.0 = Debug|x86
		{28C98C99-FAF7-4D0B-9B63-029817D7BD83}.Debug|x64.ActiveCfg = Debug|x64
		{28C98C99-FAF7-4D0B-9B63-029817D7BD83}.Debug|x64.Build.0 = Debug|x64
		{28C98C99-FAF7-4D0B-9B63-029817D7BD83}.Debug|x64.Deploy.0 = Debug|x64
		{28C98C99-FAF7-4D0B-9B63-029817D7BD83}.Debug|x86.ActiveCfg = Debug|x86
		{28C98C99-FAF7-4D0B-9B63-029817D7BD83}.Debug|x86.Build.0 = Debug|x86
		{28C98C99-FAF7-4D0B-9B63-029817D7BD83}.Debug|x86.Deploy.0 = Debug|x86
		{28C98C99-FAF7-4D0B-9B63-029817D7BD83}.Release|Any CPU.ActiveCfg = Release|x86
		{28C98C99-FAF7-4D0B-9B63-029817D7BD83}.Release|Any CPU.Build.0 = Release|x86
		{28C98C99-FAF7-4D0B-9B63-029817D7BD83}.Release|Any CPU.Deploy.0 = Release|x86
		{28C98C99-FAF7-4D0B-9B63-029817D7BD83}.Release|ARM.ActiveCfg = Release|ARM
		{28C98C99-FAF7-4D0B-9B63-029817D7BD83}.Release|ARM.Build.0 = Release|ARM
		{28C98C99-FAF7-4D0B-9B63-029817D7BD83}.Release|ARM.Deploy.0 = Release|ARM
		{28C98C99-FAF7-4D0B-9B63-029817D7BD83}.Release|iPhone.ActiveCfg = Release|x86
		{28C98C99-FAF7-4D0B-9B63-029817D7BD83}.Release|iPhone.Build.0 = Release|x86
		{28C98C99-FAF7-4D0B-9B63-029817D7BD83}.Release|iPhone.Deploy.0 = Release|x86
		{28C98C99-FAF7-4D0B-9B63-029817D7BD83}.Release|iPhoneSimulator.ActiveCfg = Release|x86
		{28C98C99-FAF7-4D0B-9B63-029817D7BD83}.Release|iPhoneSimulator.Build.0 = Release|x86
		{28C98C99-FAF7-4D0B-9B63-029817D7BD83}.Release|iPhoneSimulator.Deploy.0 = Release|x86
		{28C98C99-FAF7-4D0B-9B63-029817D7BD83}.Release|x64.ActiveCfg = Release|x64
		{28C98C99-FAF7-4D0B-9B63-029817D7BD83}.Release|x64.Build.0 = Release|x64
		{28C98C99-FAF7-4D0B-9B63-029817D7BD83}.Release|x64.Deploy.0 = Release|x64
		{28C98C99-FAF7-4D0B-9B63-029817D7BD83}.Release|x86.ActiveCfg = Release|x86
		{28C98C99-FAF7-4D0B-9B63-029817D7BD83}.Release|x86.Build.0 = Release|x86
		{28C98C99-FAF7-4D0B-9B63-029817D7BD83}.Release|x86.Deploy.0 = Release|x86
		{540654F9-EC3B-4364-8E96-19A0ED7AD682}.Debug|Any CPU.ActiveCfg = Debug|Any CPU
		{540654F9-EC3B-4364-8E96-19A0ED7AD682}.Debug|Any CPU.Build.0 = Debug|Any CPU
		{540654F9-EC3B-4364-8E96-19A0ED7AD682}.Debug|Any CPU.Deploy.0 = Debug|Any CPU
		{540654F9-EC3B-4364-8E96-19A0ED7AD682}.Debug|ARM.ActiveCfg = Debug|Any CPU
		{540654F9-EC3B-4364-8E96-19A0ED7AD682}.Debug|ARM.Build.0 = Debug|Any CPU
		{540654F9-EC3B-4364-8E96-19A0ED7AD682}.Debug|ARM.Deploy.0 = Debug|Any CPU
		{540654F9-EC3B-4364-8E96-19A0ED7AD682}.Debug|iPhone.ActiveCfg = Debug|Any CPU
		{540654F9-EC3B-4364-8E96-19A0ED7AD682}.Debug|iPhone.Build.0 = Debug|Any CPU
		{540654F9-EC3B-4364-8E96-19A0ED7AD682}.Debug|iPhone.Deploy.0 = Debug|Any CPU
		{540654F9-EC3B-4364-8E96-19A0ED7AD682}.Debug|iPhoneSimulator.ActiveCfg = Debug|Any CPU
		{540654F9-EC3B-4364-8E96-19A0ED7AD682}.Debug|iPhoneSimulator.Build.0 = Debug|Any CPU
		{540654F9-EC3B-4364-8E96-19A0ED7AD682}.Debug|iPhoneSimulator.Deploy.0 = Debug|Any CPU
		{540654F9-EC3B-4364-8E96-19A0ED7AD682}.Debug|x64.ActiveCfg = Debug|Any CPU
		{540654F9-EC3B-4364-8E96-19A0ED7AD682}.Debug|x64.Build.0 = Debug|Any CPU
		{540654F9-EC3B-4364-8E96-19A0ED7AD682}.Debug|x64.Deploy.0 = Debug|Any CPU
		{540654F9-EC3B-4364-8E96-19A0ED7AD682}.Debug|x86.ActiveCfg = Debug|Any CPU
		{540654F9-EC3B-4364-8E96-19A0ED7AD682}.Debug|x86.Build.0 = Debug|Any CPU
		{540654F9-EC3B-4364-8E96-19A0ED7AD682}.Debug|x86.Deploy.0 = Debug|Any CPU
		{540654F9-EC3B-4364-8E96-19A0ED7AD682}.Release|Any CPU.ActiveCfg = Release|Any CPU
		{540654F9-EC3B-4364-8E96-19A0ED7AD682}.Release|Any CPU.Build.0 = Release|Any CPU
		{540654F9-EC3B-4364-8E96-19A0ED7AD682}.Release|Any CPU.Deploy.0 = Release|Any CPU
		{540654F9-EC3B-4364-8E96-19A0ED7AD682}.Release|ARM.ActiveCfg = Release|Any CPU
		{540654F9-EC3B-4364-8E96-19A0ED7AD682}.Release|ARM.Build.0 = Release|Any CPU
		{540654F9-EC3B-4364-8E96-19A0ED7AD682}.Release|ARM.Deploy.0 = Release|Any CPU
		{540654F9-EC3B-4364-8E96-19A0ED7AD682}.Release|iPhone.ActiveCfg = Release|Any CPU
		{540654F9-EC3B-4364-8E96-19A0ED7AD682}.Release|iPhone.Build.0 = Release|Any CPU
		{540654F9-EC3B-4364-8E96-19A0ED7AD682}.Release|iPhone.Deploy.0 = Release|Any CPU
		{540654F9-EC3B-4364-8E96-19A0ED7AD682}.Release|iPhoneSimulator.ActiveCfg = Release|Any CPU
		{540654F9-EC3B-4364-8E96-19A0ED7AD682}.Release|iPhoneSimulator.Build.0 = Release|Any CPU
		{540654F9-EC3B-4364-8E96-19A0ED7AD682}.Release|iPhoneSimulator.Deploy.0 = Release|Any CPU
		{540654F9-EC3B-4364-8E96-19A0ED7AD682}.Release|x64.ActiveCfg = Release|Any CPU
		{540654F9-EC3B-4364-8E96-19A0ED7AD682}.Release|x64.Build.0 = Release|Any CPU
		{540654F9-EC3B-4364-8E96-19A0ED7AD682}.Release|x64.Deploy.0 = Release|Any CPU
		{540654F9-EC3B-4364-8E96-19A0ED7AD682}.Release|x86.ActiveCfg = Release|Any CPU
		{540654F9-EC3B-4364-8E96-19A0ED7AD682}.Release|x86.Build.0 = Release|Any CPU
		{540654F9-EC3B-4364-8E96-19A0ED7AD682}.Release|x86.Deploy.0 = Release|Any CPU
		{E1288B46-F3F0-40AD-94B8-B3EAF434D2B5}.Debug|Any CPU.ActiveCfg = Debug|iPhone
		{E1288B46-F3F0-40AD-94B8-B3EAF434D2B5}.Debug|Any CPU.Build.0 = Debug|iPhone
		{E1288B46-F3F0-40AD-94B8-B3EAF434D2B5}.Debug|Any CPU.Deploy.0 = Debug|iPhone
		{E1288B46-F3F0-40AD-94B8-B3EAF434D2B5}.Debug|ARM.ActiveCfg = Debug|iPhoneSimulator
		{E1288B46-F3F0-40AD-94B8-B3EAF434D2B5}.Debug|ARM.Build.0 = Debug|iPhoneSimulator
		{E1288B46-F3F0-40AD-94B8-B3EAF434D2B5}.Debug|ARM.Deploy.0 = Debug|iPhoneSimulator
		{E1288B46-F3F0-40AD-94B8-B3EAF434D2B5}.Debug|iPhone.ActiveCfg = Debug|iPhone
		{E1288B46-F3F0-40AD-94B8-B3EAF434D2B5}.Debug|iPhone.Build.0 = Debug|iPhone
		{E1288B46-F3F0-40AD-94B8-B3EAF434D2B5}.Debug|iPhone.Deploy.0 = Debug|iPhone
		{E1288B46-F3F0-40AD-94B8-B3EAF434D2B5}.Debug|iPhoneSimulator.ActiveCfg = Debug|iPhoneSimulator
		{E1288B46-F3F0-40AD-94B8-B3EAF434D2B5}.Debug|iPhoneSimulator.Build.0 = Debug|iPhoneSimulator
		{E1288B46-F3F0-40AD-94B8-B3EAF434D2B5}.Debug|iPhoneSimulator.Deploy.0 = Debug|iPhoneSimulator
		{E1288B46-F3F0-40AD-94B8-B3EAF434D2B5}.Debug|x64.ActiveCfg = Debug|iPhone
		{E1288B46-F3F0-40AD-94B8-B3EAF434D2B5}.Debug|x64.Build.0 = Debug|iPhone
		{E1288B46-F3F0-40AD-94B8-B3EAF434D2B5}.Debug|x64.Deploy.0 = Debug|iPhone
		{E1288B46-F3F0-40AD-94B8-B3EAF434D2B5}.Debug|x86.ActiveCfg = Debug|iPhone
		{E1288B46-F3F0-40AD-94B8-B3EAF434D2B5}.Debug|x86.Build.0 = Debug|iPhone
		{E1288B46-F3F0-40AD-94B8-B3EAF434D2B5}.Debug|x86.Deploy.0 = Debug|iPhone
		{E1288B46-F3F0-40AD-94B8-B3EAF434D2B5}.Release|Any CPU.ActiveCfg = Release|iPhone
		{E1288B46-F3F0-40AD-94B8-B3EAF434D2B5}.Release|Any CPU.Build.0 = Release|iPhone
		{E1288B46-F3F0-40AD-94B8-B3EAF434D2B5}.Release|Any CPU.Deploy.0 = Release|iPhone
		{E1288B46-F3F0-40AD-94B8-B3EAF434D2B5}.Release|ARM.ActiveCfg = Release|iPhone
		{E1288B46-F3F0-40AD-94B8-B3EAF434D2B5}.Release|ARM.Build.0 = Release|iPhone
		{E1288B46-F3F0-40AD-94B8-B3EAF434D2B5}.Release|ARM.Deploy.0 = Release|iPhone
		{E1288B46-F3F0-40AD-94B8-B3EAF434D2B5}.Release|iPhone.ActiveCfg = Release|iPhone
		{E1288B46-F3F0-40AD-94B8-B3EAF434D2B5}.Release|iPhone.Build.0 = Release|iPhone
		{E1288B46-F3F0-40AD-94B8-B3EAF434D2B5}.Release|iPhone.Deploy.0 = Release|iPhone
		{E1288B46-F3F0-40AD-94B8-B3EAF434D2B5}.Release|iPhoneSimulator.ActiveCfg = Release|iPhoneSimulator
		{E1288B46-F3F0-40AD-94B8-B3EAF434D2B5}.Release|iPhoneSimulator.Build.0 = Release|iPhoneSimulator
		{E1288B46-F3F0-40AD-94B8-B3EAF434D2B5}.Release|iPhoneSimulator.Deploy.0 = Release|iPhoneSimulator
		{E1288B46-F3F0-40AD-94B8-B3EAF434D2B5}.Release|x64.ActiveCfg = Release|iPhone
		{E1288B46-F3F0-40AD-94B8-B3EAF434D2B5}.Release|x64.Build.0 = Release|iPhone
		{E1288B46-F3F0-40AD-94B8-B3EAF434D2B5}.Release|x64.Deploy.0 = Release|iPhone
		{E1288B46-F3F0-40AD-94B8-B3EAF434D2B5}.Release|x86.ActiveCfg = Release|iPhone
		{E1288B46-F3F0-40AD-94B8-B3EAF434D2B5}.Release|x86.Build.0 = Release|iPhone
		{E1288B46-F3F0-40AD-94B8-B3EAF434D2B5}.Release|x86.Deploy.0 = Release|iPhone
		{B3CBCC04-2F51-4744-BFA3-80F1E613AE62}.Debug|Any CPU.ActiveCfg = Debug|Any CPU
		{B3CBCC04-2F51-4744-BFA3-80F1E613AE62}.Debug|Any CPU.Build.0 = Debug|Any CPU
		{B3CBCC04-2F51-4744-BFA3-80F1E613AE62}.Debug|Any CPU.Deploy.0 = Debug|Any CPU
		{B3CBCC04-2F51-4744-BFA3-80F1E613AE62}.Debug|ARM.ActiveCfg = Debug|Any CPU
		{B3CBCC04-2F51-4744-BFA3-80F1E613AE62}.Debug|ARM.Build.0 = Debug|Any CPU
		{B3CBCC04-2F51-4744-BFA3-80F1E613AE62}.Debug|ARM.Deploy.0 = Debug|Any CPU
		{B3CBCC04-2F51-4744-BFA3-80F1E613AE62}.Debug|iPhone.ActiveCfg = Debug|Any CPU
		{B3CBCC04-2F51-4744-BFA3-80F1E613AE62}.Debug|iPhone.Build.0 = Debug|Any CPU
		{B3CBCC04-2F51-4744-BFA3-80F1E613AE62}.Debug|iPhone.Deploy.0 = Debug|Any CPU
		{B3CBCC04-2F51-4744-BFA3-80F1E613AE62}.Debug|iPhoneSimulator.ActiveCfg = Debug|Any CPU
		{B3CBCC04-2F51-4744-BFA3-80F1E613AE62}.Debug|iPhoneSimulator.Build.0 = Debug|Any CPU
		{B3CBCC04-2F51-4744-BFA3-80F1E613AE62}.Debug|iPhoneSimulator.Deploy.0 = Debug|Any CPU
		{B3CBCC04-2F51-4744-BFA3-80F1E613AE62}.Debug|x64.ActiveCfg = Debug|Any CPU
		{B3CBCC04-2F51-4744-BFA3-80F1E613AE62}.Debug|x64.Build.0 = Debug|Any CPU
		{B3CBCC04-2F51-4744-BFA3-80F1E613AE62}.Debug|x64.Deploy.0 = Debug|Any CPU
		{B3CBCC04-2F51-4744-BFA3-80F1E613AE62}.Debug|x86.ActiveCfg = Debug|Any CPU
		{B3CBCC04-2F51-4744-BFA3-80F1E613AE62}.Debug|x86.Build.0 = Debug|Any CPU
		{B3CBCC04-2F51-4744-BFA3-80F1E613AE62}.Debug|x86.Deploy.0 = Debug|Any CPU
		{B3CBCC04-2F51-4744-BFA3-80F1E613AE62}.Release|Any CPU.ActiveCfg = Release|Any CPU
		{B3CBCC04-2F51-4744-BFA3-80F1E613AE62}.Release|Any CPU.Build.0 = Release|Any CPU
		{B3CBCC04-2F51-4744-BFA3-80F1E613AE62}.Release|Any CPU.Deploy.0 = Release|Any CPU
		{B3CBCC04-2F51-4744-BFA3-80F1E613AE62}.Release|ARM.ActiveCfg = Release|Any CPU
		{B3CBCC04-2F51-4744-BFA3-80F1E613AE62}.Release|ARM.Build.0 = Release|Any CPU
		{B3CBCC04-2F51-4744-BFA3-80F1E613AE62}.Release|ARM.Deploy.0 = Release|Any CPU
		{B3CBCC04-2F51-4744-BFA3-80F1E613AE62}.Release|iPhone.ActiveCfg = Release|Any CPU
		{B3CBCC04-2F51-4744-BFA3-80F1E613AE62}.Release|iPhone.Build.0 = Release|Any CPU
		{B3CBCC04-2F51-4744-BFA3-80F1E613AE62}.Release|iPhone.Deploy.0 = Release|Any CPU
		{B3CBCC04-2F51-4744-BFA3-80F1E613AE62}.Release|iPhoneSimulator.ActiveCfg = Release|Any CPU
		{B3CBCC04-2F51-4744-BFA3-80F1E613AE62}.Release|iPhoneSimulator.Build.0 = Release|Any CPU
		{B3CBCC04-2F51-4744-BFA3-80F1E613AE62}.Release|iPhoneSimulator.Deploy.0 = Release|Any CPU
		{B3CBCC04-2F51-4744-BFA3-80F1E613AE62}.Release|x64.ActiveCfg = Release|Any CPU
		{B3CBCC04-2F51-4744-BFA3-80F1E613AE62}.Release|x64.Build.0 = Release|Any CPU
		{B3CBCC04-2F51-4744-BFA3-80F1E613AE62}.Release|x64.Deploy.0 = Release|Any CPU
		{B3CBCC04-2F51-4744-BFA3-80F1E613AE62}.Release|x86.ActiveCfg = Release|Any CPU
		{B3CBCC04-2F51-4744-BFA3-80F1E613AE62}.Release|x86.Build.0 = Release|Any CPU
		{B3CBCC04-2F51-4744-BFA3-80F1E613AE62}.Release|x86.Deploy.0 = Release|Any CPU
	EndGlobalSection
	GlobalSection(SolutionProperties) = preSolution
		HideSolutionNode = FALSE
	EndGlobalSection
	GlobalSection(ExtensibilityGlobals) = postSolution
		SolutionGuid = {2A13F961-F14E-4080-B8F5-D28061411666}
	EndGlobalSection
EndGlobal
